// !$*UTF8*$!
{
	archiveVersion = 1;
	classes = {
	};
	objectVersion = 46;
	objects = {

/* Begin PBXBuildFile section */
		8802CE161F9CC81400E3E538 /* AppDelegate.swift in Sources */ = {isa = PBXBuildFile; fileRef = 8802CE151F9CC81400E3E538 /* AppDelegate.swift */; };
		8802CE181F9CC81400E3E538 /* ViewController.swift in Sources */ = {isa = PBXBuildFile; fileRef = 8802CE171F9CC81400E3E538 /* ViewController.swift */; };
		8802CE1B1F9CC81400E3E538 /* Main.storyboard in Resources */ = {isa = PBXBuildFile; fileRef = 8802CE191F9CC81400E3E538 /* Main.storyboard */; };
		8802CE1D1F9CC81400E3E538 /* Assets.xcassets in Resources */ = {isa = PBXBuildFile; fileRef = 8802CE1C1F9CC81400E3E538 /* Assets.xcassets */; };
		8802CE201F9CC81400E3E538 /* LaunchScreen.storyboard in Resources */ = {isa = PBXBuildFile; fileRef = 8802CE1E1F9CC81400E3E538 /* LaunchScreen.storyboard */; };
/* End PBXBuildFile section */

/* Begin PBXFileReference section */
		8802CE121F9CC81400E3E538 /* ohgiri-app.app */ = {isa = PBXFileReference; explicitFileType = wrapper.application; includeInIndex = 0; path = "ohgiri-app.app"; sourceTree = BUILT_PRODUCTS_DIR; };
		8802CE151F9CC81400E3E538 /* AppDelegate.swift */ = {isa = PBXFileReference; lastKnownFileType = sourcecode.swift; path = AppDelegate.swift; sourceTree = "<group>"; };
		8802CE171F9CC81400E3E538 /* ViewController.swift */ = {isa = PBXFileReference; lastKnownFileType = sourcecode.swift; path = ViewController.swift; sourceTree = "<group>"; };
		8802CE1A1F9CC81400E3E538 /* Base */ = {isa = PBXFileReference; lastKnownFileType = file.storyboard; name = Base; path = Base.lproj/Main.storyboard; sourceTree = "<group>"; };
		8802CE1C1F9CC81400E3E538 /* Assets.xcassets */ = {isa = PBXFileReference; lastKnownFileType = folder.assetcatalog; path = Assets.xcassets; sourceTree = "<group>"; };
		8802CE1F1F9CC81400E3E538 /* Base */ = {isa = PBXFileReference; lastKnownFileType = file.storyboard; name = Base; path = Base.lproj/LaunchScreen.storyboard; sourceTree = "<group>"; };
		8802CE211F9CC81400E3E538 /* Info.plist */ = {isa = PBXFileReference; lastKnownFileType = text.plist.xml; path = Info.plist; sourceTree = "<group>"; };
/* End PBXFileReference section */

/* Begin PBXFrameworksBuildPhase section */
		8802CE0F1F9CC81400E3E538 /* Frameworks */ = {
			isa = PBXFrameworksBuildPhase;
			buildActionMask = 2147483647;
			files = (
			);
			runOnlyForDeploymentPostprocessing = 0;
		};
/* End PBXFrameworksBuildPhase section */

/* Begin PBXGroup section */
		8802CE091F9CC81400E3E538 = {
			isa = PBXGroup;
			children = (
				8802CE141F9CC81400E3E538 /* ohgiri-app */,
				8802CE131F9CC81400E3E538 /* Products */,
			);
			sourceTree = "<group>";
		};
		8802CE131F9CC81400E3E538 /* Products */ = {
			isa = PBXGroup;
			children = (
				8802CE121F9CC81400E3E538 /* ohgiri-app.app */,
			);
			name = Products;
			sourceTree = "<group>";
		};
		8802CE141F9CC81400E3E538 /* ohgiri-app */ = {
			isa = PBXGroup;
			children = (
				8802CE151F9CC81400E3E538 /* AppDelegate.swift */,
				8802CE171F9CC81400E3E538 /* ViewController.swift */,
				8802CE191F9CC81400E3E538 /* Main.storyboard */,
				8802CE1C1F9CC81400E3E538 /* Assets.xcassets */,
				8802CE1E1F9CC81400E3E538 /* LaunchScreen.storyboard */,
				8802CE211F9CC81400E3E538 /* Info.plist */,
			);
			path = "ohgiri-app";
			sourceTree = "<group>";
		};
/* End PBXGroup section */

/* Begin PBXNativeTarget section */
		8802CE111F9CC81400E3E538 /* ohgiri-app */ = {
			isa = PBXNativeTarget;
			buildConfigurationList = 8802CE241F9CC81400E3E538 /* Build configuration list for PBXNativeTarget "ohgiri-app" */;
			buildPhases = (
				8802CE0E1F9CC81400E3E538 /* Sources */,
				8802CE0F1F9CC81400E3E538 /* Frameworks */,
				8802CE101F9CC81400E3E538 /* Resources */,
			);
			buildRules = (
			);
			dependencies = (
			);
			name = "ohgiri-app";
			productName = "ohgiri-app";
			productReference = 8802CE121F9CC81400E3E538 /* ohgiri-app.app */;
			productType = "com.apple.product-type.application";
		};
/* End PBXNativeTarget section */

/* Begin PBXProject section */
		8802CE0A1F9CC81400E3E538 /* Project object */ = {
			isa = PBXProject;
			attributes = {
				LastSwiftUpdateCheck = 0830;
				LastUpgradeCheck = 0830;
				ORGANIZATIONNAME = masahiro.odakura;
				TargetAttributes = {
					8802CE111F9CC81400E3E538 = {
						CreatedOnToolsVersion = 8.3.3;
						DevelopmentTeam = XXP6C6GGZ6;
						ProvisioningStyle = Automatic;
					};
				};
			};
			buildConfigurationList = 8802CE0D1F9CC81400E3E538 /* Build configuration list for PBXProject "ohgiri-app" */;
			compatibilityVersion = "Xcode 3.2";
			developmentRegion = English;
			hasScannedForEncodings = 0;
			knownRegions = (
				en,
				Base,
			);
			mainGroup = 8802CE091F9CC81400E3E538;
			productRefGroup = 8802CE131F9CC81400E3E538 /* Products */;
			projectDirPath = "";
			projectRoot = "";
			targets = (
				8802CE111F9CC81400E3E538 /* ohgiri-app */,
			);
		};
/* End PBXProject section */

/* Begin PBXResourcesBuildPhase section */
		8802CE101F9CC81400E3E538 /* Resources */ = {
			isa = PBXResourcesBuildPhase;
			buildActionMask = 2147483647;
			files = (
				8802CE201F9CC81400E3E538 /* LaunchScreen.storyboard in Resources */,
				8802CE1D1F9CC81400E3E538 /* Assets.xcassets in Resources */,
				8802CE1B1F9CC81400E3E538 /* Main.storyboard in Resources */,
			);
			runOnlyForDeploymentPostprocessing = 0;
		};
/* End PBXResourcesBuildPhase section */

/* Begin PBXSourcesBuildPhase section */
		8802CE0E1F9CC81400E3E538 /* Sources */ = {
			isa = PBXSourcesBuildPhase;
			buildActionMask = 2147483647;
			files = (
				8802CE181F9CC81400E3E538 /* ViewController.swift in Sources */,
				8802CE161F9CC81400E3E538 /* AppDelegate.swift in Sources */,
			);
			runOnlyForDeploymentPostprocessing = 0;
		};
/* End PBXSourcesBuildPhase section */

/* Begin PBXVariantGroup section */
		8802CE191F9CC81400E3E538 /* Main.storyboard */ = {
			isa = PBXVariantGroup;
			children = (
				8802CE1A1F9CC81400E3E538 /* Base */,
			);
			name = Main.storyboard;
			sourceTree = "<group>";
		};
		8802CE1E1F9CC81400E3E538 /* LaunchScreen.storyboard */ = {
			isa = PBXVariantGroup;
			children = (
				8802CE1F1F9CC81400E3E538 /* Base */,
			);
			name = LaunchScreen.storyboard;
			sourceTree = "<group>";
		};
/* End PBXVariantGroup section */

/* Begin XCBuildConfiguration section */
		8802CE221F9CC81400E3E538 /* Debug */ = {
			isa = XCBuildConfiguration;
			buildSettings = {
				ALWAYS_SEARCH_USER_PATHS = NO;
				CLANG_ANALYZER_NONNULL = YES;
				CLANG_ANALYZER_NUMBER_OBJECT_CONVERSION = YES_AGGRESSIVE;
				CLANG_CXX_LANGUAGE_STANDARD = "gnu++0x";
				CLANG_CXX_LIBRARY = "libc++";
				CLANG_ENABLE_MODULES = YES;
				CLANG_ENABLE_OBJC_ARC = YES;
				CLANG_WARN_BOOL_CONVERSION = YES;
				CLANG_WARN_CONSTANT_CONVERSION = YES;
				CLANG_WARN_DIRECT_OBJC_ISA_USAGE = YES_ERROR;
				CLANG_WARN_DOCUMENTATION_COMMENTS = YES;
				CLANG_WARN_EMPTY_BODY = YES;
				CLANG_WARN_ENUM_CONVERSION = YES;
				CLANG_WARN_INFINITE_RECURSION = YES;
				CLANG_WARN_INT_CONVERSION = YES;
				CLANG_WARN_OBJC_ROOT_CLASS = YES_ERROR;
				CLANG_WARN_SUSPICIOUS_MOVE = YES;
				CLANG_WARN_UNREACHABLE_CODE = YES;
				CLANG_WARN__DUPLICATE_METHOD_MATCH = YES;
				"CODE_SIGN_IDENTITY[sdk=iphoneos*]" = "iPhone Developer";
				COPY_PHASE_STRIP = NO;
				DEBUG_INFORMATION_FORMAT = dwarf;
				ENABLE_STRICT_OBJC_MSGSEND = YES;
				ENABLE_TESTABILITY = YES;
				GCC_C_LANGUAGE_STANDARD = gnu99;
				GCC_DYNAMIC_NO_PIC = NO;
				GCC_NO_COMMON_BLOCKS = YES;
				GCC_OPTIMIZATION_LEVEL = 0;
				GCC_PREPROCESSOR_DEFINITIONS = (
					"DEBUG=1",
					"$(inherited)",
				);
				GCC_WARN_64_TO_32_BIT_CONVERSION = YES;
				GCC_WARN_ABOUT_RETURN_TYPE = YES_ERROR;
				GCC_WARN_UNDECLARED_SELECTOR = YES;
				GCC_WARN_UNINITIALIZED_AUTOS = YES_AGGRESSIVE;
				GCC_WARN_UNUSED_FUNCTION = YES;
				GCC_WARN_UNUSED_VARIABLE = YES;
				IPHONEOS_DEPLOYMENT_TARGET = 10.3;
				MTL_ENABLE_DEBUG_INFO = YES;
				ONLY_ACTIVE_ARCH = YES;
				SDKROOT = iphoneos;
				SWIFT_ACTIVE_COMPILATION_CONDITIONS = DEBUG;
				SWIFT_OPTIMIZATION_LEVEL = "-Onone";
			};
			name = Debug;
		};
		8802CE231F9CC81400E3E538 /* Release */ = {
			isa = XCBuildConfiguration;
			buildSettings = {
				ALWAYS_SEARCH_USER_PATHS = NO;
				CLANG_ANALYZER_NONNULL = YES;
				CLANG_ANALYZER_NUMBER_OBJECT_CONVERSION = YES_AGGRESSIVE;
				CLANG_CXX_LANGUAGE_STANDARD = "gnu++0x";
				CLANG_CXX_LIBRARY = "libc++";
				CLANG_ENABLE_MODULES = YES;
				CLANG_ENABLE_OBJC_ARC = YES;
				CLANG_WARN_BOOL_CONVERSION = YES;
				CLANG_WARN_CONSTANT_CONVERSION = YES;
				CLANG_WARN_DIRECT_OBJC_ISA_USAGE = YES_ERROR;
				CLANG_WARN_DOCUMENTATION_COMMENTS = YES;
				CLANG_WARN_EMPTY_BODY = YES;
				CLANG_WARN_ENUM_CONVERSION = YES;
				CLANG_WARN_INFINITE_RECURSION = YES;
				CLANG_WARN_INT_CONVERSION = YES;
				CLANG_WARN_OBJC_ROOT_CLASS = YES_ERROR;
				CLANG_WARN_SUSPICIOUS_MOVE = YES;
				CLANG_WARN_UNREACHABLE_CODE = YES;
				CLANG_WARN__DUPLICATE_METHOD_MATCH = YES;
				"CODE_SIGN_IDENTITY[sdk=iphoneos*]" = "iPhone Developer";
				COPY_PHASE_STRIP = NO;
				DEBUG_INFORMATION_FORMAT = "dwarf-with-dsym";
				ENABLE_NS_ASSERTIONS = NO;
				ENABLE_STRICT_OBJC_MSGSEND = YES;
				GCC_C_LANGUAGE_STANDARD = gnu99;
				GCC_NO_COMMON_BLOCKS = YES;
				GCC_WARN_64_TO_32_BIT_CONVERSION = YES;
				GCC_WARN_ABOUT_RETURN_TYPE = YES_ERROR;
				GCC_WARN_UNDECLARED_SELECTOR = YES;
				GCC_WARN_UNINITIALIZED_AUTOS = YES_AGGRESSIVE;
				GCC_WARN_UNUSED_FUNCTION = YES;
				GCC_WARN_UNUSED_VARIABLE = YES;
				IPHONEOS_DEPLOYMENT_TARGET = 10.3;
				MTL_ENABLE_DEBUG_INFO = NO;
				SDKROOT = iphoneos;
				SWIFT_OPTIMIZATION_LEVEL = "-Owholemodule";
				VALIDATE_PRODUCT = YES;
			};
			name = Release;
		};
		8802CE251F9CC81400E3E538 /* Debug */ = {
			isa = XCBuildConfiguration;
			buildSettings = {
				ASSETCATALOG_COMPILER_APPICON_NAME = AppIcon;
				DEVELOPMENT_TEAM = XXP6C6GGZ6;
				INFOPLIST_FILE = "ohgiri-app/Info.plist";
				LD_RUNPATH_SEARCH_PATHS = "$(inherited) @executable_path/Frameworks";
				PRODUCT_BUNDLE_IDENTIFIER = "jp.techacademy.masahiro.odakura.ohgiri-app";
				PRODUCT_NAME = "$(TARGET_NAME)";
				SWIFT_VERSION = 3.0;
			};
			name = Debug;
		};
		8802CE261F9CC81400E3E538 /* Release */ = {
			isa = XCBuildConfiguration;
			buildSettings = {
				ASSETCATALOG_COMPILER_APPICON_NAME = AppIcon;
				DEVELOPMENT_TEAM = XXP6C6GGZ6;
				INFOPLIST_FILE = "ohgiri-app/Info.plist";
				LD_RUNPATH_SEARCH_PATHS = "$(inherited) @executable_path/Frameworks";
				PRODUCT_BUNDLE_IDENTIFIER = "jp.techacademy.masahiro.odakura.ohgiri-app";
				PRODUCT_NAME = "$(TARGET_NAME)";
				SWIFT_VERSION = 3.0;
			};
			name = Release;
		};
/* End XCBuildConfiguration section */

/* Begin XCConfigurationList section */
		8802CE0D1F9CC81400E3E538 /* Build configuration list for PBXProject "ohgiri-app" */ = {
			isa = XCConfigurationList;
			buildConfigurations = (
				8802CE221F9CC81400E3E538 /* Debug */,
				8802CE231F9CC81400E3E538 /* Release */,
			);
			defaultConfigurationIsVisible = 0;
			defaultConfigurationName = Release;
		};
		8802CE241F9CC81400E3E538 /* Build configuration list for PBXNativeTarget "ohgiri-app" */ = {
			isa = XCConfigurationList;
			buildConfigurations = (
				8802CE251F9CC81400E3E538 /* Debug */,
				8802CE261F9CC81400E3E538 /* Release */,
			);
			defaultConfigurationIsVisible = 0;
		};
/* End XCConfigurationList section */
	};
	rootObject = 8802CE0A1F9CC81400E3E538 /* Project object */;
}
